{
  "name": "hello",
  "version": "1.0.0",
  "lockfileVersion": 1,
  "requires": true,
  "dependencies": {
    "jetc": {
      "version": "0.4.1",
      "resolved": "https://registry.npmjs.org/jetc/-/jetc-0.4.1.tgz",
      "integrity": "sha512-Q2UWjZRuZpUVOce5Cl2x5VIvLK1wVB0J+TLHlXxz26iSZ3mNAj1kRI5kk6vfMCqfrC4CVVVA4K4s2gKRah451w=="
    },
    "jete": {
      "version": "0.9.1",
      "resolved": "https://registry.npmjs.org/jete/-/jete-0.9.1.tgz",
      "integrity": "sha512-GO3jI4tomiZ5BFKsj/tCpv7skvAg7jSAr3Z+rCRL64fOoG1cTb7qABCoL7MvgmmYKwSwkUoCaCTXTxL0ml4Uxw=="
    },
    "jeti": {
      "version": "0.7.1",
      "resolved": "https://registry.npmjs.org/jeti/-/jeti-0.7.1.tgz",
      "integrity": "sha512-OO32aKSGtRNS5oxruBvCcAC8zAya6f1a3u/PjZAKjRvB36yE00kit7uBnkaz4KVTo4l78DxtXXSFioaYLuqj+A=="
    }
  }
}
