{
  "name": "hello",
  "version": "1.0.0",
  "lockfileVersion": 1,
  "requires": true,
  "dependencies": {
    "jetc": {
      "version": "0.2.0",
      "resolved": "https://registry.npmjs.org/jetc/-/jetc-0.2.0.tgz",
      "integrity": "sha512-UyAd9UPq/nZ/n1YOQFtRQcZvGjQDCR6nIvPVfATMoc4mR7NGeBDM3d5dyEicWGnKMDJvUAi+w88Y0odiZdU5ug=="
    },
    "jete": {
      "version": "0.9.1",
      "resolved": "https://registry.npmjs.org/jete/-/jete-0.9.1.tgz",
      "integrity": "sha512-GO3jI4tomiZ5BFKsj/tCpv7skvAg7jSAr3Z+rCRL64fOoG1cTb7qABCoL7MvgmmYKwSwkUoCaCTXTxL0ml4Uxw=="
    },
    "jeti": {
      "version": "0.6.4",
      "resolved": "https://registry.npmjs.org/jeti/-/jeti-0.6.4.tgz",
      "integrity": "sha512-W1+4hHMA5bWA+k77i5G3EnH7uT6B/rejHhX22Dfy9CYI82cyOPKpjTLeDpQOePM3f+w1gJMFzK4Kryo9WRwhXQ=="
    }
  }
}
